
Microsoft Visual Studio Solution File, Format Version 12.00
# Visual Studio Version 17
VisualStudioVersion = 17.5.33502.453
MinimumVisualStudioVersion = 10.0.40219.1
Project("{FAE04EC0-301F-11D3-BF4B-00C04F79EFBC}") = "WebApplication8", "WebApplication8.csproj", "{EEAAE9B7-5050-4891-803D-73FDF171DFB8}"
EndProject
Global
	GlobalSection(SolutionConfigurationPlatforms) = preSolution
		Debug|Any CPU = Debug|Any CPU
		Release|Any CPU = Release|Any CPU
	EndGlobalSection
	GlobalSection(ProjectConfigurationPlatforms) = postSolution
		{EEAAE9B7-5050-4891-803D-73FDF171DFB8}.Debug|Any CPU.ActiveCfg = Debug|Any CPU
		{EEAAE9B7-5050-4891-803D-73FDF171DFB8}.Debug|Any CPU.Build.0 = Debug|Any CPU
		{EEAAE9B7-5050-4891-803D-73FDF171DFB8}.Release|Any CPU.ActiveCfg = Release|Any CPU
		{EEAAE9B7-5050-4891-803D-73FDF171DFB8}.Release|Any CPU.Build.0 = Release|Any CPU
	EndGlobalSection
	GlobalSection(SolutionProperties) = preSolution
		HideSolutionNode = FALSE
	EndGlobalSection
	GlobalSection(ExtensibilityGlobals) = postSolution
		SolutionGuid = {1109E792-580F-4C5B-9A2E-3C8145644EEA}
	EndGlobalSection
EndGlobal
